
Microsoft Visual Studio Solution File, Format Version 12.00
# Visual Studio Version 17
VisualStudioVersion = 17.5.33414.496
MinimumVisualStudioVersion = 10.0.40219.1
Project("{8BC9CEB8-8B4A-11D0-8D11-00A0C91BC942}") = "QuickSort_145", "QuickSort_145\QuickSort_145.vcxproj", "{EE7529F5-76C0-40FA-84F3-3079EA4A1961}"
EndProject
Global
	GlobalSection(SolutionConfigurationPlatforms) = preSolution
		Debug|x64 = Debug|x64
		Debug|x86 = Debug|x86
		Release|x64 = Release|x64
		Release|x86 = Release|x86
	EndGlobalSection
	GlobalSection(ProjectConfigurationPlatforms) = postSolution
		{EE7529F5-76C0-40FA-84F3-3079EA4A1961}.Debug|x64.ActiveCfg = Debug|x64
		{EE7529F5-76C0-40FA-84F3-3079EA4A1961}.Debug|x64.Build.0 = Debug|x64
		{EE7529F5-76C0-40FA-84F3-3079EA4A1961}.Debug|x86.ActiveCfg = Debug|Win32
		{EE7529F5-76C0-40FA-84F3-3079EA4A1961}.Debug|x86.Build.0 = Debug|Win32
		{EE7529F5-76C0-40FA-84F3-3079EA4A1961}.Release|x64.ActiveCfg = Release|x64
		{EE7529F5-76C0-40FA-84F3-3079EA4A1961}.Release|x64.Build.0 = Release|x64
		{EE7529F5-76C0-40FA-84F3-3079EA4A1961}.Release|x86.ActiveCfg = Release|Win32
		{EE7529F5-76C0-40FA-84F3-3079EA4A1961}.Release|x86.Build.0 = Release|Win32
	EndGlobalSection
	GlobalSection(SolutionProperties) = preSolution
		HideSolutionNode = FALSE
	EndGlobalSection
	GlobalSection(ExtensibilityGlobals) = postSolution
		SolutionGuid = {F11360DB-CDFF-4C16-8841-68376292545F}
	EndGlobalSection
EndGlobal
